
Microsoft Visual Studio Solution File, Format Version 12.00
# Visual Studio Version 16
VisualStudioVersion = 25.0.1706.4
MinimumVisualStudioVersion = 10.0.40219.1
Project("{FAE04EC0-301F-11D3-BF4B-00C04F79EFBC}") = "SeidoHelpers", "SeidoHelpers\SeidoHelpers.csproj", "{DE4AC9C0-2F54-431B-A1F0-2B7191E6A894}"
EndProject
Project("{FAE04EC0-301F-11D3-BF4B-00C04F79EFBC}") = "Helpers", "Helpers\Helpers.csproj", "{C7541E52-FEEE-47B0-8A85-0496AB3725BF}"
EndProject
Global
	GlobalSection(SolutionConfigurationPlatforms) = preSolution
		Debug|Any CPU = Debug|Any CPU
		Release|Any CPU = Release|Any CPU
	EndGlobalSection
	GlobalSection(ProjectConfigurationPlatforms) = postSolution
		{DE4AC9C0-2F54-431B-A1F0-2B7191E6A894}.Debug|Any CPU.ActiveCfg = Debug|Any CPU
		{DE4AC9C0-2F54-431B-A1F0-2B7191E6A894}.Debug|Any CPU.Build.0 = Debug|Any CPU
		{DE4AC9C0-2F54-431B-A1F0-2B7191E6A894}.Release|Any CPU.ActiveCfg = Release|Any CPU
		{DE4AC9C0-2F54-431B-A1F0-2B7191E6A894}.Release|Any CPU.Build.0 = Release|Any CPU
		{C7541E52-FEEE-47B0-8A85-0496AB3725BF}.Debug|Any CPU.ActiveCfg = Debug|Any CPU
		{C7541E52-FEEE-47B0-8A85-0496AB3725BF}.Debug|Any CPU.Build.0 = Debug|Any CPU
		{C7541E52-FEEE-47B0-8A85-0496AB3725BF}.Release|Any CPU.ActiveCfg = Release|Any CPU
		{C7541E52-FEEE-47B0-8A85-0496AB3725BF}.Release|Any CPU.Build.0 = Release|Any CPU
	EndGlobalSection
	GlobalSection(SolutionProperties) = preSolution
		HideSolutionNode = FALSE
	EndGlobalSection
	GlobalSection(ExtensibilityGlobals) = postSolution
		SolutionGuid = {42DDE9AF-B06A-4476-AB11-4662852A936A}
	EndGlobalSection
EndGlobal
